# This file is automatically @generated by Cargo.
# It is not intended for manual editing.
version = 3

[[package]]
name = "aho-corasick"
version = "1.1.3"
source = "registry+https://github.com/rust-lang/crates.io-index"
checksum = "8e60d3430d3a69478ad0993f19238d2df97c507009a52b3c10addcd7f6bcb916"
dependencies = [
 "memchr",
]

[[package]]
name = "anchor-lang-idl-spec"
version = "0.1.0"
source = "registry+https://github.com/rust-lang/crates.io-index"
checksum = "2bdf143115440fe621bdac3a29a1f7472e09f6cd82b2aa569429a0c13f103838"
dependencies = [
 "anyhow",
 "serde",
]

[[package]]
name = "anyhow"
version = "1.0.95"
source = "registry+https://github.com/rust-lang/crates.io-index"
checksum = "34ac096ce696dc2fcabef30516bb13c0a68a11d30131d3df6f04711467681b04"

[[package]]
name = "autocfg"
version = "1.4.0"
source = "registry+https://github.com/rust-lang/crates.io-index"
checksum = "ace50bade8e6234aa140d9a2f552bbee1db4d353f69b8217bc503490fc1a9f26"

[[package]]
name = "bitflags"
version = "2.8.0"
source = "registry+https://github.com/rust-lang/crates.io-index"
checksum = "8f68f53c83ab957f72c32642f3868eec03eb974d1fb82e453128456482613d36"

[[package]]
name = "block-buffer"
version = "0.10.4"
source = "registry+https://github.com/rust-lang/crates.io-index"
checksum = "3078c7629b62d3f0439517fa394996acacc5cbc91c5a20d8c658e77abd503a71"
dependencies = [
 "generic-array",
]

[[package]]
name = "borsh"
version = "1.5.5"
source = "registry+https://github.com/rust-lang/crates.io-index"
checksum = "5430e3be710b68d984d1391c854eb431a9d548640711faa54eecb1df93db91cc"
dependencies = [
 "cfg_aliases",
]

[[package]]
name = "bs58"
version = "0.5.1"
source = "registry+https://github.com/rust-lang/crates.io-index"
checksum = "bf88ba1141d185c399bee5288d850d63b8369520c1eafc32a0430b5b6c287bf4"
dependencies = [
 "tinyvec",
]

[[package]]
name = "bumpalo"
version = "3.17.0"
source = "registry+https://github.com/rust-lang/crates.io-index"
checksum = "1628fb46dfa0b37568d12e5edd512553eccf6a22a78e8bde00bb4aed84d5bdbf"

[[package]]
name = "bytemuck"
version = "1.21.0"
source = "registry+https://github.com/rust-lang/crates.io-index"
checksum = "ef657dfab802224e671f5818e9a4935f9b1957ed18e58292690cc39e7a4092a3"
dependencies = [
 "bytemuck_derive",
]

[[package]]
name = "bytemuck_derive"
version = "1.8.1"
source = "registry+https://github.com/rust-lang/crates.io-index"
checksum = "3fa76293b4f7bb636ab88fd78228235b5248b4d05cc589aed610f954af5d7c7a"
dependencies = [
 "proc-macro2",
 "quote",
 "syn 2.0.98",
]

[[package]]
name = "cargo-manifest"
version = "0.17.0"
source = "registry+https://github.com/rust-lang/crates.io-index"
checksum = "8b2ce2075c35e4b492b93e3d5dd1dd3670de553f15045595daef8164ed9a3751"
dependencies = [
 "serde",
 "thiserror 1.0.69",
 "toml",
]

[[package]]
name = "cfg-if"
version = "1.0.0"
source = "registry+https://github.com/rust-lang/crates.io-index"
checksum = "baf1de4339761588bc0619e3cbc0120ee582ebb74b53b4efbf79117bd2da40fd"

[[package]]
name = "cfg_aliases"
version = "0.2.1"
source = "registry+https://github.com/rust-lang/crates.io-index"
checksum = "613afe47fcd5fac7ccf1db93babcb082c5994d996f20b8b159f2ad1658eb5724"

[[package]]
name = "cpufeatures"
version = "0.2.17"
source = "registry+https://github.com/rust-lang/crates.io-index"
checksum = "59ed5838eebb26a2bb2e58f6d5b5316989ae9d08bab10e0e6d103e656d1b0280"
dependencies = [
 "libc",
]

[[package]]
name = "crypto-common"
version = "0.1.6"
source = "registry+https://github.com/rust-lang/crates.io-index"
checksum = "1bfb12502f3fc46cca1bb51ac28df9d618d813cdc3d2f25b9fe775a34af26bb3"
dependencies = [
 "generic-array",
 "typenum",
]

[[package]]
name = "curve25519-dalek"
version = "4.1.3"
source = "registry+https://github.com/rust-lang/crates.io-index"
checksum = "97fb8b7c4503de7d6ae7b42ab72a5a59857b4c937ec27a3d4539dba95b5ab2be"
dependencies = [
 "cfg-if",
 "cpufeatures",
 "curve25519-dalek-derive",
 "digest",
 "fiat-crypto",
 "rand_core",
 "rustc_version",
 "subtle",
 "zeroize",
]

[[package]]
name = "curve25519-dalek-derive"
version = "0.1.1"
source = "registry+https://github.com/rust-lang/crates.io-index"
checksum = "f46882e17999c6cc590af592290432be3bce0428cb0d5f8b6715e4dc7b383eb3"
dependencies = [
 "proc-macro2",
 "quote",
 "syn 2.0.98",
]

[[package]]
name = "digest"
version = "0.10.7"
source = "registry+https://github.com/rust-lang/crates.io-index"
checksum = "9ed9a281f7bc9b7576e61468ba615a66a5c8cfdff42420a70aa82701a3b1e292"
dependencies = [
 "block-buffer",
 "crypto-common",
]

[[package]]
name = "equivalent"
version = "1.0.1"
source = "registry+https://github.com/rust-lang/crates.io-index"
checksum = "5443807d6dff69373d433ab9ef5378ad8df50ca6298caf15de6e52e24aaf54d5"

[[package]]
name = "fiat-crypto"
version = "0.2.9"
source = "registry+https://github.com/rust-lang/crates.io-index"
checksum = "28dea519a9695b9977216879a3ebfddf92f1c08c05d984f8996aecd6ecdc811d"

[[package]]
name = "five8_const"
version = "0.1.3"
source = "registry+https://github.com/rust-lang/crates.io-index"
checksum = "72b4f62f0f8ca357f93ae90c8c2dd1041a1f665fde2f889ea9b1787903829015"
dependencies = [
 "five8_core",
]

[[package]]
name = "five8_core"
version = "0.1.1"
source = "registry+https://github.com/rust-lang/crates.io-index"
checksum = "94474d15a76982be62ca8a39570dccce148d98c238ebb7408b0a21b2c4bdddc4"

[[package]]
name = "generic-array"
version = "0.14.7"
source = "registry+https://github.com/rust-lang/crates.io-index"
checksum = "85649ca51fd72272d7821adaf274ad91c288277713d9c18820d8499a7ff69e9a"
dependencies = [
 "typenum",
 "version_check",
]

[[package]]
name = "getrandom"
version = "0.2.15"
source = "registry+https://github.com/rust-lang/crates.io-index"
checksum = "c4567c8db10ae91089c99af84c68c38da3ec2f087c3f82960bcdbf3656b6f4d7"
dependencies = [
 "cfg-if",
 "js-sys",
 "libc",
 "wasi",
 "wasm-bindgen",
]

[[package]]
name = "glob"
version = "0.3.2"
source = "registry+https://github.com/rust-lang/crates.io-index"
checksum = "a8d1add55171497b4705a648c6b583acafb01d58050a51727785f0b2c8e0a2b2"

[[package]]
name = "hashbrown"
version = "0.15.2"
source = "registry+https://github.com/rust-lang/crates.io-index"
checksum = "bf151400ff0baff5465007dd2f3e717f3fe502074ca563069ce3a6629d07b289"

[[package]]
name = "heck"
version = "0.5.0"
source = "registry+https://github.com/rust-lang/crates.io-index"
checksum = "2304e00983f87ffb38b55b444b5e3b60a884b5d30c0fca7d82fe33449bbe55ea"

[[package]]
name = "indexmap"
version = "2.7.1"
source = "registry+https://github.com/rust-lang/crates.io-index"
checksum = "8c9c992b02b5b4c94ea26e32fe5bccb7aa7d9f390ab5c1221ff895bc7ea8b652"
dependencies = [
 "equivalent",
 "hashbrown",
]

[[package]]
name = "itoa"
version = "1.0.14"
source = "registry+https://github.com/rust-lang/crates.io-index"
checksum = "d75a2a4b1b190afb6f5425f10f6a8f959d2ea0b9c2b1d79553551850539e4674"

[[package]]
name = "js-sys"
version = "0.3.77"
source = "registry+https://github.com/rust-lang/crates.io-index"
checksum = "1cfaf33c695fc6e08064efbc1f72ec937429614f25eef83af942d0e227c3a28f"
dependencies = [
 "once_cell",
 "wasm-bindgen",
]

[[package]]
name = "libc"
version = "0.2.169"
source = "registry+https://github.com/rust-lang/crates.io-index"
checksum = "b5aba8db14291edd000dfcc4d620c7ebfb122c613afb886ca8803fa4e128a20a"

[[package]]
name = "lock_api"
version = "0.4.12"
source = "registry+https://github.com/rust-lang/crates.io-index"
checksum = "07af8b9cdd281b7915f413fa73f29ebd5d55d0d3f0155584dade1ff18cea1b17"
dependencies = [
 "autocfg",
 "scopeguard",
]

[[package]]
name = "log"
version = "0.4.25"
source = "registry+https://github.com/rust-lang/crates.io-index"
checksum = "04cbf5b083de1c7e0222a7a51dbfdba1cbe1c6ab0b15e29fff3f6c077fd9cd9f"

[[package]]
name = "memchr"
version = "2.7.4"
source = "registry+https://github.com/rust-lang/crates.io-index"
checksum = "78ca9ab1a0babb1e7d5695e3530886289c18cf2f87ec19a575a0abdce112e3a3"

[[package]]
name = "nostd-associated-token-account-program"
version = "0.1.0"
source = "git+https://github.com/Aursen/nostdinfo-programs?rev=f6a1c1e#f6a1c1eb9cd6e87ec91af9f3b11df7dc759a5e7b"
dependencies = [
 "nostd-entrypoint-invoke",
 "solana-nostd-entrypoint",
 "solana-program-entrypoint",
 "solana-pubkey",
]

[[package]]
name = "nostd-entrypoint-invoke"
version = "0.1.0"
source = "git+https://github.com/Aursen/nostdinfo-programs?rev=f6a1c1e#f6a1c1eb9cd6e87ec91af9f3b11df7dc759a5e7b"
dependencies = [
 "solana-define-syscall",
 "solana-nostd-entrypoint",
 "solana-program-entrypoint",
 "solana-program-error",
]

[[package]]
name = "nostd-system-program"
version = "0.1.0"
source = "git+https://github.com/Aursen/nostdinfo-programs?rev=f6a1c1e#f6a1c1eb9cd6e87ec91af9f3b11df7dc759a5e7b"
dependencies = [
 "nostd-entrypoint-invoke",
 "solana-nostd-entrypoint",
 "solana-program-entrypoint",
 "solana-pubkey",
]

[[package]]
name = "nostd-token-program"
version = "0.1.0"
source = "git+https://github.com/Aursen/nostdinfo-programs?rev=f6a1c1e#f6a1c1eb9cd6e87ec91af9f3b11df7dc759a5e7b"
dependencies = [
 "nostd-entrypoint-invoke",
 "solana-nostd-entrypoint",
 "solana-program-entrypoint",
 "solana-program-error",
 "solana-pubkey",
]

[[package]]
name = "num-traits"
version = "0.2.19"
source = "registry+https://github.com/rust-lang/crates.io-index"
checksum = "071dfc062690e90b734c0b2273ce72ad0ffa95f0c74596bc250dcfd960262841"
dependencies = [
 "autocfg",
]

[[package]]
name = "once_cell"
version = "1.20.2"
source = "registry+https://github.com/rust-lang/crates.io-index"
checksum = "1261fe7e33c73b354eab43b1273a57c8f967d0391e80353e51f764ac02cf6775"

[[package]]
name = "parking_lot"
version = "0.12.3"
source = "registry+https://github.com/rust-lang/crates.io-index"
checksum = "f1bf18183cf54e8d6059647fc3063646a1801cf30896933ec2311622cc4b9a27"
dependencies = [
 "lock_api",
 "parking_lot_core",
]

[[package]]
name = "parking_lot_core"
version = "0.9.10"
source = "registry+https://github.com/rust-lang/crates.io-index"
checksum = "1e401f977ab385c9e4e3ab30627d6f26d00e2c73eef317493c4ec6d468726cf8"
dependencies = [
 "cfg-if",
 "libc",
 "redox_syscall",
 "smallvec",
 "windows-targets",
]

[[package]]
name = "paste"
version = "1.0.15"
source = "registry+https://github.com/rust-lang/crates.io-index"
checksum = "57c0d7b74b563b49d38dae00a0c37d4d6de9b432382b2892f0574ddcae73fd0a"

[[package]]
name = "pinocchio"
version = "0.7.1"
source = "git+https://github.com/febo/pinocchio#efb7737288bb8bc7b8f7286c6449b5305093ff97"

[[package]]
name = "pinocchio-associated-token-account"
version = "0.1.0"
source = "git+https://github.com/febo/pinocchio#efb7737288bb8bc7b8f7286c6449b5305093ff97"
dependencies = [
 "pinocchio",
 "pinocchio-pubkey",
]

[[package]]
name = "pinocchio-log"
version = "0.3.0"
source = "git+https://github.com/febo/pinocchio#efb7737288bb8bc7b8f7286c6449b5305093ff97"
dependencies = [
 "pinocchio-log-macro",
]

[[package]]
name = "pinocchio-log-macro"
version = "0.3.0"
source = "git+https://github.com/febo/pinocchio#efb7737288bb8bc7b8f7286c6449b5305093ff97"
dependencies = [
 "quote",
 "regex",
 "syn 1.0.109",
]

[[package]]
name = "pinocchio-pubkey"
version = "0.2.2"
source = "git+https://github.com/febo/pinocchio#efb7737288bb8bc7b8f7286c6449b5305093ff97"
dependencies = [
 "five8_const",
 "pinocchio",
]

[[package]]
name = "pinocchio-system"
version = "0.2.1"
source = "git+https://github.com/febo/pinocchio#efb7737288bb8bc7b8f7286c6449b5305093ff97"
dependencies = [
 "pinocchio",
 "pinocchio-pubkey",
]

[[package]]
name = "pinocchio-token"
version = "0.2.1"
source = "git+https://github.com/febo/pinocchio#efb7737288bb8bc7b8f7286c6449b5305093ff97"
dependencies = [
 "pinocchio",
 "pinocchio-pubkey",
]

[[package]]
name = "proc-macro2"
version = "1.0.93"
source = "registry+https://github.com/rust-lang/crates.io-index"
checksum = "60946a68e5f9d28b0dc1c21bb8a97ee7d018a8b322fa57838ba31cc878e22d99"
dependencies = [
 "unicode-ident",
]

[[package]]
name = "quote"
version = "1.0.38"
source = "registry+https://github.com/rust-lang/crates.io-index"
checksum = "0e4dccaaaf89514f546c693ddc140f729f958c247918a13380cccc6078391acc"
dependencies = [
 "proc-macro2",
]

[[package]]
name = "rand_core"
version = "0.6.4"
source = "registry+https://github.com/rust-lang/crates.io-index"
checksum = "ec0be4795e2f6a28069bec0b5ff3e2ac9bafc99e6a9a7dc3547996c5c816922c"

[[package]]
name = "redox_syscall"
version = "0.5.8"
source = "registry+https://github.com/rust-lang/crates.io-index"
checksum = "03a862b389f93e68874fbf580b9de08dd02facb9a788ebadaf4a3fd33cf58834"
dependencies = [
 "bitflags",
]

[[package]]
name = "regex"
version = "1.11.1"
source = "registry+https://github.com/rust-lang/crates.io-index"
checksum = "b544ef1b4eac5dc2db33ea63606ae9ffcfac26c1416a2806ae0bf5f56b201191"
dependencies = [
 "aho-corasick",
 "memchr",
 "regex-automata",
 "regex-syntax",
]

[[package]]
name = "regex-automata"
version = "0.4.9"
source = "registry+https://github.com/rust-lang/crates.io-index"
checksum = "809e8dc61f6de73b46c85f4c96486310fe304c434cfa43669d7b40f711150908"
dependencies = [
 "aho-corasick",
 "memchr",
 "regex-syntax",
]

[[package]]
name = "regex-syntax"
version = "0.8.5"
source = "registry+https://github.com/rust-lang/crates.io-index"
checksum = "2b15c43186be67a4fd63bee50d0303afffcef381492ebe2c5d87f324e1b8815c"

[[package]]
name = "rustc_version"
version = "0.4.1"
source = "registry+https://github.com/rust-lang/crates.io-index"
checksum = "cfcb3a22ef46e85b45de6ee7e79d063319ebb6594faafcf1c225ea92ab6e9b92"
dependencies = [
 "semver",
]

[[package]]
name = "rustversion"
version = "1.0.19"
source = "registry+https://github.com/rust-lang/crates.io-index"
checksum = "f7c45b9784283f1b2e7fb61b42047c2fd678ef0960d4f6f1eba131594cc369d4"

[[package]]
name = "ryu"
version = "1.0.19"
source = "registry+https://github.com/rust-lang/crates.io-index"
checksum = "6ea1a2d0a644769cc99faa24c3ad26b379b786fe7c36fd3c546254801650e6dd"

[[package]]
name = "scopeguard"
version = "1.2.0"
source = "registry+https://github.com/rust-lang/crates.io-index"
checksum = "94143f37725109f92c262ed2cf5e59bce7498c01bcc1502d7b9afe439a4e9f49"

[[package]]
name = "semver"
version = "1.0.25"
source = "registry+https://github.com/rust-lang/crates.io-index"
checksum = "f79dfe2d285b0488816f30e700a7438c5a73d816b5b7d3ac72fbc48b0d185e03"

[[package]]
name = "serde"
version = "1.0.217"
source = "registry+https://github.com/rust-lang/crates.io-index"
checksum = "02fc4265df13d6fa1d00ecff087228cc0a2b5f3c0e87e258d8b94a156e984c70"
dependencies = [
 "serde_derive",
]

[[package]]
name = "serde_derive"
version = "1.0.217"
source = "registry+https://github.com/rust-lang/crates.io-index"
checksum = "5a9bf7cf98d04a2b28aead066b7496853d4779c9cc183c440dbac457641e19a0"
dependencies = [
 "proc-macro2",
 "quote",
 "syn 2.0.98",
]

[[package]]
name = "serde_json"
version = "1.0.138"
source = "registry+https://github.com/rust-lang/crates.io-index"
checksum = "d434192e7da787e94a6ea7e9670b26a036d0ca41e0b7efb2676dd32bae872949"
dependencies = [
 "itoa",
 "memchr",
 "ryu",
 "serde",
]

[[package]]
name = "serde_spanned"
version = "0.6.8"
source = "registry+https://github.com/rust-lang/crates.io-index"
checksum = "87607cb1398ed59d48732e575a4c28a7a8ebf2454b964fe3f224f2afc07909e1"
dependencies = [
 "serde",
]

[[package]]
name = "sha2"
version = "0.10.8"
source = "registry+https://github.com/rust-lang/crates.io-index"
checksum = "793db75ad2bcafc3ffa7c68b215fee268f537982cd901d132f89c6343f3a3dc8"
dependencies = [
 "cfg-if",
 "cpufeatures",
 "digest",
]

[[package]]
name = "smallvec"
version = "1.13.2"
source = "registry+https://github.com/rust-lang/crates.io-index"
checksum = "3c5e1a9a646d36c3599cd173a41282daf47c44583ad367b8e6837255952e5c67"

[[package]]
name = "solana-account-info"
version = "2.1.13"
source = "registry+https://github.com/rust-lang/crates.io-index"
checksum = "1a67b02d022266e0979a3033f58f83c6e4d45f7e7cc85e6beeaf90b32ef5ede8"
dependencies = [
 "solana-program-error",
 "solana-program-memory",
 "solana-pubkey",
]

[[package]]
name = "solana-atomic-u64"
version = "2.1.13"
source = "registry+https://github.com/rust-lang/crates.io-index"
checksum = "2453e9e0f5e948d83d1ea5ceef6a0488b39cb57f21e19d73d5dc57f27464ec8d"
dependencies = [
 "parking_lot",
]

[[package]]
name = "solana-clock"
version = "2.1.13"
source = "registry+https://github.com/rust-lang/crates.io-index"
checksum = "4bfdce9a9f46965ffb6e1e7cc0e52efeb834c89dc67d7399770a9d4447498fdb"
dependencies = [
 "solana-sdk-macro",
]

[[package]]
name = "solana-decode-error"
version = "2.1.13"
source = "registry+https://github.com/rust-lang/crates.io-index"
checksum = "4a1d529c1056b4d461609224fa1bf2a6584eafddf435c6394697b0f5de8c812c"
dependencies = [
 "num-traits",
]

[[package]]
name = "solana-define-syscall"
version = "2.1.13"
source = "registry+https://github.com/rust-lang/crates.io-index"
checksum = "3c012a5bdc1122a74880faf6684b32286a9fae0086ff0a3efb16d7f3681fca90"

[[package]]
name = "solana-hash"
version = "2.1.13"
source = "registry+https://github.com/rust-lang/crates.io-index"
checksum = "36647a50db4d401721e55d6bc1d259a8cea7bc333ab41c6358d2f5b344a1ab4e"
dependencies = [
 "bs58",
 "js-sys",
 "solana-atomic-u64",
 "solana-sanitize",
 "wasm-bindgen",
]

[[package]]
name = "solana-instruction"
version = "2.1.13"
source = "registry+https://github.com/rust-lang/crates.io-index"
checksum = "d7a99a1276782510f3f9d8dac058b9fccadfc62ff4fd5b7c6d462dbf46632181"
dependencies = [
 "getrandom",
 "js-sys",
 "num-traits",
 "solana-define-syscall",
 "solana-pubkey",
 "wasm-bindgen",
]

[[package]]
name = "solana-msg"
version = "2.1.13"
source = "registry+https://github.com/rust-lang/crates.io-index"
checksum = "59b84934c69aa9799b661f87aa1c47f8d358c3912fe5843571a5d047a222a0e6"
dependencies = [
 "solana-define-syscall",
]

[[package]]
name = "solana-nostd-entrypoint"
version = "0.6.2"
source = "git+https://github.com/exotic-markets-labs/solana-nostd-entrypoint?rev=bcccf73#bcccf73c4113ea8b721c6b1d04f615e56aaa0f3b"
dependencies = [
 "solana-msg",
 "solana-program-entrypoint",
 "solana-program-error",
 "solana-program-memory",
 "solana-pubkey",
]

[[package]]
name = "solana-program-entrypoint"
version = "2.1.13"
source = "registry+https://github.com/rust-lang/crates.io-index"
checksum = "bc27bbb6ff7f346b93173cacd14a44873e24a1702a07ebbe4a9295bf53eed3cb"
dependencies = [
 "solana-account-info",
 "solana-msg",
 "solana-program-error",
 "solana-pubkey",
]

[[package]]
name = "solana-program-error"
version = "2.1.13"
source = "registry+https://github.com/rust-lang/crates.io-index"
checksum = "f5f48931e21e648410a17a1a42b3ace669e1b6c55516357f40ac6b91d4f81ef1"
dependencies = [
 "num-traits",
 "solana-decode-error",
 "solana-instruction",
 "solana-msg",
 "solana-pubkey",
]

[[package]]
name = "solana-program-memory"
version = "2.1.13"
source = "registry+https://github.com/rust-lang/crates.io-index"
checksum = "783ed2a707f3e875480ab0beda89951e8807cb0f76e30c19f82dd305b9169ab3"
dependencies = [
 "num-traits",
 "solana-define-syscall",
]

[[package]]
name = "solana-pubkey"
version = "2.1.13"
source = "registry+https://github.com/rust-lang/crates.io-index"
checksum = "2d4cb0f3b71f466fe8e11bef05dc562060b5c8f526e969ecd150ce5bedc6e3eb"
dependencies = [
 "bs58",
 "bytemuck",
 "bytemuck_derive",
 "curve25519-dalek",
 "five8_const",
 "getrandom",
 "js-sys",
 "num-traits",
 "solana-atomic-u64",
 "solana-decode-error",
 "solana-define-syscall",
 "solana-sanitize",
 "solana-sha256-hasher",
 "wasm-bindgen",
]

[[package]]
name = "solana-rent"
version = "2.1.13"
source = "registry+https://github.com/rust-lang/crates.io-index"
checksum = "4cb62c792559733d5f5d2ee42383e8d3b336e5168472ebdaaf157fd6f1949973"
dependencies = [
 "solana-sdk-macro",
]

[[package]]
name = "solana-sanitize"
version = "2.1.13"
source = "registry+https://github.com/rust-lang/crates.io-index"
checksum = "e956e49e563eb8a9aa09425d676180a0a0509038be4457f230bb6e1dfa036053"

[[package]]
name = "solana-sdk-macro"
version = "2.1.13"
source = "registry+https://github.com/rust-lang/crates.io-index"
checksum = "6102303ef82f601e178970388256cd2841618d0789246c087c164760bd976b2f"
dependencies = [
 "bs58",
 "proc-macro2",
 "quote",
 "syn 2.0.98",
]

[[package]]
name = "solana-sha256-hasher"
version = "2.1.13"
source = "registry+https://github.com/rust-lang/crates.io-index"
checksum = "de0e647536438a92f1b02424d94c703534566aa9b1d8aae87f3b181d2dc5787c"
dependencies = [
 "sha2",
 "solana-define-syscall",
 "solana-hash",
]

[[package]]
name = "solana-sysvar-id"
version = "2.1.13"
source = "registry+https://github.com/rust-lang/crates.io-index"
checksum = "d11cdbc013ed4f65a636762b9a62cb878dd530062804e6a6be0faa76f5902914"
dependencies = [
 "solana-pubkey",
]

[[package]]
name = "subtle"
version = "2.6.1"
source = "registry+https://github.com/rust-lang/crates.io-index"
checksum = "13c2bddecc57b384dee18652358fb23172facb8a2c51ccc10d74c157bdea3292"

[[package]]
name = "syn"
version = "1.0.109"
source = "registry+https://github.com/rust-lang/crates.io-index"
checksum = "72b64191b275b66ffe2469e8af2c1cfe3bafa67b529ead792a6d0160888b4237"
dependencies = [
 "proc-macro2",
 "quote",
 "unicode-ident",
]

[[package]]
name = "syn"
version = "2.0.98"
source = "registry+https://github.com/rust-lang/crates.io-index"
checksum = "36147f1a48ae0ec2b5b3bc5b537d267457555a10dc06f3dbc8cb11ba3006d3b1"
dependencies = [
 "proc-macro2",
 "quote",
 "unicode-ident",
]

[[package]]
name = "target-triple"
version = "0.1.3"
source = "registry+https://github.com/rust-lang/crates.io-index"
checksum = "42a4d50cdb458045afc8131fd91b64904da29548bcb63c7236e0844936c13078"

[[package]]
name = "termcolor"
version = "1.4.1"
source = "registry+https://github.com/rust-lang/crates.io-index"
checksum = "06794f8f6c5c898b3275aebefa6b8a1cb24cd2c6c79397ab15774837a0bc5755"
dependencies = [
 "winapi-util",
]

[[package]]
name = "thiserror"
version = "1.0.69"
source = "registry+https://github.com/rust-lang/crates.io-index"
checksum = "b6aaf5339b578ea85b50e080feb250a3e8ae8cfcdff9a461c9ec2904bc923f52"
dependencies = [
 "thiserror-impl 1.0.69",
]

[[package]]
name = "thiserror"
version = "2.0.11"
source = "registry+https://github.com/rust-lang/crates.io-index"
checksum = "d452f284b73e6d76dd36758a0c8684b1d5be31f92b89d07fd5822175732206fc"
dependencies = [
 "thiserror-impl 2.0.11",
]

[[package]]
name = "thiserror-impl"
version = "1.0.69"
source = "registry+https://github.com/rust-lang/crates.io-index"
checksum = "4fee6c4efc90059e10f81e6d42c60a18f76588c3d74cb83a0b242a2b6c7504c1"
dependencies = [
 "proc-macro2",
 "quote",
 "syn 2.0.98",
]

[[package]]
name = "thiserror-impl"
version = "2.0.11"
source = "registry+https://github.com/rust-lang/crates.io-index"
checksum = "26afc1baea8a989337eeb52b6e72a039780ce45c3edfcc9c5b9d112feeb173c2"
dependencies = [
 "proc-macro2",
 "quote",
 "syn 2.0.98",
]

[[package]]
name = "tinyvec"
version = "1.8.1"
source = "registry+https://github.com/rust-lang/crates.io-index"
checksum = "022db8904dfa342efe721985167e9fcd16c29b226db4397ed752a761cfce81e8"
dependencies = [
 "tinyvec_macros",
]

[[package]]
name = "tinyvec_macros"
version = "0.1.1"
source = "registry+https://github.com/rust-lang/crates.io-index"
checksum = "1f3ccbac311fea05f86f61904b462b55fb3df8837a366dfc601a0161d0532f20"

[[package]]
name = "toml"
version = "0.8.20"
source = "registry+https://github.com/rust-lang/crates.io-index"
checksum = "cd87a5cdd6ffab733b2f74bc4fd7ee5fff6634124999ac278c35fc78c6120148"
dependencies = [
 "indexmap",
 "serde",
 "serde_spanned",
 "toml_datetime",
 "toml_edit",
]

[[package]]
name = "toml_datetime"
version = "0.6.8"
source = "registry+https://github.com/rust-lang/crates.io-index"
checksum = "0dd7358ecb8fc2f8d014bf86f6f638ce72ba252a2c3a2572f2a795f1d23efb41"
dependencies = [
 "serde",
]

[[package]]
name = "toml_edit"
version = "0.22.23"
source = "registry+https://github.com/rust-lang/crates.io-index"
checksum = "02a8b472d1a3d7c18e2d61a489aee3453fd9031c33e4f55bd533f4a7adca1bee"
dependencies = [
 "indexmap",
 "serde",
 "serde_spanned",
 "toml_datetime",
 "winnow",
]

[[package]]
name = "trybuild"
version = "1.0.103"
source = "registry+https://github.com/rust-lang/crates.io-index"
checksum = "b812699e0c4f813b872b373a4471717d9eb550da14b311058a4d9cf4173cbca6"
dependencies = [
 "glob",
 "serde",
 "serde_derive",
 "serde_json",
 "target-triple",
 "termcolor",
 "toml",
]

[[package]]
name = "typenum"
version = "1.17.0"
source = "registry+https://github.com/rust-lang/crates.io-index"
checksum = "42ff0bf0c66b8238c6f3b578df37d0b7848e55df8577b3f74f92a69acceeb825"

[[package]]
name = "typhoon"
version = "0.1.0"
dependencies = [
 "typhoon-account-macro",
 "typhoon-accounts",
 "typhoon-context",
 "typhoon-context-macro",
 "typhoon-cpi-generator-macro",
 "typhoon-errors",
 "typhoon-handler-macro",
 "typhoon-program",
 "typhoon-program-id-macro",
 "typhoon-traits",
 "typhoon-utility-traits",
]

[[package]]
name = "typhoon-account-macro"
version = "0.1.0"
dependencies = [
 "bytemuck",
 "proc-macro2",
 "quote",
 "syn 2.0.98",
 "trybuild",
 "typhoon",
 "typhoon-discriminator",
]

[[package]]
name = "typhoon-accounts"
version = "0.1.0"
dependencies = [
 "borsh",
 "bytemuck",
 "typhoon-errors",
 "typhoon-program",
 "typhoon-traits",
]

[[package]]
name = "typhoon-context"
version = "0.1.0"
dependencies = [
 "bytemuck",
 "paste",
 "typhoon-program",
]

[[package]]
name = "typhoon-context-macro"
version = "0.1.0"
dependencies = [
 "proc-macro2",
 "quote",
 "syn 2.0.98",
]

[[package]]
name = "typhoon-cpi-generator"
version = "0.1.0"
dependencies = [
 "anchor-lang-idl-spec",
 "five8_const",
 "heck",
 "proc-macro2",
 "quote",
 "syn 2.0.98",
]

[[package]]
name = "typhoon-cpi-generator-macro"
version = "0.1.0"
dependencies = [
 "anchor-lang-idl-spec",
 "serde_json",
 "syn 2.0.98",
 "typhoon-cpi-generator",
]

[[package]]
name = "typhoon-discriminator"
version = "0.1.0"
dependencies = [
 "sha2",
]

[[package]]
name = "typhoon-discriminator-macro"
version = "0.1.0"
dependencies = [
 "proc-macro2",
 "quote",
 "syn 2.0.98",
 "trybuild",
 "typhoon-discriminator",
]

[[package]]
name = "typhoon-errors"
version = "0.1.0"
dependencies = [
 "num-traits",
 "thiserror 2.0.11",
 "typhoon-program",
]

[[package]]
name = "typhoon-handler-macro"
version = "0.1.0"
dependencies = [
 "proc-macro2",
 "quote",
 "syn 2.0.98",
]

[[package]]
name = "typhoon-idl-generator"
version = "0.1.0"
dependencies = [
 "typhoon-metadata-extractor",
]

[[package]]
name = "typhoon-metadata-extractor"
version = "0.1.0"
dependencies = [
 "cargo-manifest",
 "syn 2.0.98",
]

[[package]]
name = "typhoon-program"
version = "0.1.0"
dependencies = [
 "nostd-system-program",
 "pinocchio",
 "pinocchio-log",
 "pinocchio-pubkey",
 "pinocchio-system",
 "solana-clock",
 "solana-define-syscall",
 "solana-msg",
 "solana-nostd-entrypoint",
 "solana-program-entrypoint",
 "solana-program-error",
 "solana-pubkey",
 "solana-rent",
 "solana-sysvar-id",
]

[[package]]
name = "typhoon-program-id-macro"
version = "0.1.0"
dependencies = [
 "cargo-manifest",
 "heck",
 "proc-macro2",
 "quote",
 "syn 2.0.98",
]

[[package]]
name = "typhoon-token"
version = "0.1.0"
dependencies = [
 "nostd-associated-token-account-program",
 "nostd-token-program",
 "pinocchio-associated-token-account",
 "pinocchio-token",
 "typhoon-accounts",
 "typhoon-errors",
 "typhoon-program",
 "typhoon-traits",
 "typhoon-utility",
]

[[package]]
name = "typhoon-traits"
version = "0.1.0"
dependencies = [
 "bytemuck",
 "typhoon-program",
]

[[package]]
name = "typhoon-utility"
version = "0.1.0"
dependencies = [
 "typhoon-accounts",
 "typhoon-errors",
 "typhoon-program",
]

[[package]]
name = "typhoon-utility-traits"
version = "0.1.0"
dependencies = [
 "typhoon-accounts",
 "typhoon-errors",
 "typhoon-program",
 "typhoon-traits",
 "typhoon-utility",
]

[[package]]
name = "unicode-ident"
version = "1.0.16"
source = "registry+https://github.com/rust-lang/crates.io-index"
checksum = "a210d160f08b701c8721ba1c726c11662f877ea6b7094007e1ca9a1041945034"

[[package]]
name = "version_check"
version = "0.9.5"
source = "registry+https://github.com/rust-lang/crates.io-index"
checksum = "0b928f33d975fc6ad9f86c8f283853ad26bdd5b10b7f1542aa2fa15e2289105a"

[[package]]
name = "wasi"
version = "0.11.0+wasi-snapshot-preview1"
source = "registry+https://github.com/rust-lang/crates.io-index"
checksum = "9c8d87e72b64a3b4db28d11ce29237c246188f4f51057d65a7eab63b7987e423"

[[package]]
name = "wasm-bindgen"
version = "0.2.100"
source = "registry+https://github.com/rust-lang/crates.io-index"
checksum = "1edc8929d7499fc4e8f0be2262a241556cfc54a0bea223790e71446f2aab1ef5"
dependencies = [
 "cfg-if",
 "once_cell",
 "rustversion",
 "wasm-bindgen-macro",
]

[[package]]
name = "wasm-bindgen-backend"
version = "0.2.100"
source = "registry+https://github.com/rust-lang/crates.io-index"
checksum = "2f0a0651a5c2bc21487bde11ee802ccaf4c51935d0d3d42a6101f98161700bc6"
dependencies = [
 "bumpalo",
 "log",
 "proc-macro2",
 "quote",
 "syn 2.0.98",
 "wasm-bindgen-shared",
]

[[package]]
name = "wasm-bindgen-macro"
version = "0.2.100"
source = "registry+https://github.com/rust-lang/crates.io-index"
checksum = "7fe63fc6d09ed3792bd0897b314f53de8e16568c2b3f7982f468c0bf9bd0b407"
dependencies = [
 "quote",
 "wasm-bindgen-macro-support",
]

[[package]]
name = "wasm-bindgen-macro-support"
version = "0.2.100"
source = "registry+https://github.com/rust-lang/crates.io-index"
checksum = "8ae87ea40c9f689fc23f209965b6fb8a99ad69aeeb0231408be24920604395de"
dependencies = [
 "proc-macro2",
 "quote",
 "syn 2.0.98",
 "wasm-bindgen-backend",
 "wasm-bindgen-shared",
]

[[package]]
name = "wasm-bindgen-shared"
version = "0.2.100"
source = "registry+https://github.com/rust-lang/crates.io-index"
checksum = "1a05d73b933a847d6cccdda8f838a22ff101ad9bf93e33684f39c1f5f0eece3d"
dependencies = [
 "unicode-ident",
]

[[package]]
name = "winapi-util"
version = "0.1.9"
source = "registry+https://github.com/rust-lang/crates.io-index"
checksum = "cf221c93e13a30d793f7645a0e7762c55d169dbb0a49671918a2319d289b10bb"
dependencies = [
 "windows-sys",
]

[[package]]
name = "windows-sys"
version = "0.59.0"
source = "registry+https://github.com/rust-lang/crates.io-index"
checksum = "1e38bc4d79ed67fd075bcc251a1c39b32a1776bbe92e5bef1f0bf1f8c531853b"
dependencies = [
 "windows-targets",
]

[[package]]
name = "windows-targets"
version = "0.52.6"
source = "registry+https://github.com/rust-lang/crates.io-index"
checksum = "9b724f72796e036ab90c1021d4780d4d3d648aca59e491e6b98e725b84e99973"
dependencies = [
 "windows_aarch64_gnullvm",
 "windows_aarch64_msvc",
 "windows_i686_gnu",
 "windows_i686_gnullvm",
 "windows_i686_msvc",
 "windows_x86_64_gnu",
 "windows_x86_64_gnullvm",
 "windows_x86_64_msvc",
]

[[package]]
name = "windows_aarch64_gnullvm"
version = "0.52.6"
source = "registry+https://github.com/rust-lang/crates.io-index"
checksum = "32a4622180e7a0ec044bb555404c800bc9fd9ec262ec147edd5989ccd0c02cd3"

[[package]]
name = "windows_aarch64_msvc"
version = "0.52.6"
source = "registry+https://github.com/rust-lang/crates.io-index"
checksum = "09ec2a7bb152e2252b53fa7803150007879548bc709c039df7627cabbd05d469"

[[package]]
name = "windows_i686_gnu"
version = "0.52.6"
source = "registry+https://github.com/rust-lang/crates.io-index"
checksum = "8e9b5ad5ab802e97eb8e295ac6720e509ee4c243f69d781394014ebfe8bbfa0b"

[[package]]
name = "windows_i686_gnullvm"
version = "0.52.6"
source = "registry+https://github.com/rust-lang/crates.io-index"
checksum = "0eee52d38c090b3caa76c563b86c3a4bd71ef1a819287c19d586d7334ae8ed66"

[[package]]
name = "windows_i686_msvc"
version = "0.52.6"
source = "registry+https://github.com/rust-lang/crates.io-index"
checksum = "240948bc05c5e7c6dabba28bf89d89ffce3e303022809e73deaefe4f6ec56c66"

[[package]]
name = "windows_x86_64_gnu"
version = "0.52.6"
source = "registry+https://github.com/rust-lang/crates.io-index"
checksum = "147a5c80aabfbf0c7d901cb5895d1de30ef2907eb21fbbab29ca94c5b08b1a78"

[[package]]
name = "windows_x86_64_gnullvm"
version = "0.52.6"
source = "registry+https://github.com/rust-lang/crates.io-index"
checksum = "24d5b23dc417412679681396f2b49f3de8c1473deb516bd34410872eff51ed0d"

[[package]]
name = "windows_x86_64_msvc"
version = "0.52.6"
source = "registry+https://github.com/rust-lang/crates.io-index"
checksum = "589f6da84c646204747d1270a2a5661ea66ed1cced2631d546fdfb155959f9ec"

[[package]]
name = "winnow"
version = "0.7.1"
source = "registry+https://github.com/rust-lang/crates.io-index"
checksum = "86e376c75f4f43f44db463cf729e0d3acbf954d13e22c51e26e4c264b4ab545f"
dependencies = [
 "memchr",
]

[[package]]
name = "zeroize"
version = "1.8.1"
source = "registry+https://github.com/rust-lang/crates.io-index"
checksum = "ced3678a2879b30306d323f4542626697a464a97c0a07c9aebf7ebca65cd4dde"
